Microsoft Visual Studio Solution File, Format Version 12.00
# Visual Studio 2012
Project("{FAE04EC0-301F-11D3-BF4B-00C04F79EFBC}") = "AutoDeck", "AutoDeck.csproj", "{59F47981-2557-40DD-9A3C-3372AF14174E}"
EndProject
Global
	GlobalSection(SolutionConfigurationPlatforms) = preSolution
	Debug|Any CPU = Debug|Any CPU
	ExportDebug|Any CPU = ExportDebug|Any CPU
	ExportRelease|Any CPU = ExportRelease|Any CPU
	EndGlobalSection
	GlobalSection(ProjectConfigurationPlatforms) = postSolution
		{59F47981-2557-40DD-9A3C-3372AF14174E}.Debug|Any CPU.ActiveCfg = Debug|Any CPU
		{59F47981-2557-40DD-9A3C-3372AF14174E}.Debug|Any CPU.Build.0 = Debug|Any CPU
		{59F47981-2557-40DD-9A3C-3372AF14174E}.ExportDebug|Any CPU.ActiveCfg = ExportDebug|Any CPU
		{59F47981-2557-40DD-9A3C-3372AF14174E}.ExportDebug|Any CPU.Build.0 = ExportDebug|Any CPU
		{59F47981-2557-40DD-9A3C-3372AF14174E}.ExportRelease|Any CPU.ActiveCfg = ExportRelease|Any CPU
		{59F47981-2557-40DD-9A3C-3372AF14174E}.ExportRelease|Any CPU.Build.0 = ExportRelease|Any CPU
	EndGlobalSection
EndGlobal
